[[package]]
name = "black"
version = "21.12b0"
description = "The uncompromising code formatter."
category = "dev"
optional = false
python-versions = ">=3.6.2"

[package.dependencies]
click = ">=7.1.2"
mypy-extensions = ">=0.4.3"
pathspec = ">=0.9.0,<1"
platformdirs = ">=2"
tomli = ">=0.2.6,<2.0.0"
typing-extensions = ">=3.10.0.0"

[package.extras]
colorama = ["colorama (>=0.4.3)"]
d = ["aiohttp (>=3.7.4)"]
jupyter = ["ipython (>=7.8.0)", "tokenize-rt (>=3.2.0)"]
python2 = ["typed-ast (>=1.4.3)"]
uvloop = ["uvloop (>=0.15.2)"]

[[package]]
name = "click"
version = "8.0.3"
description = "Composable command line interface toolkit"
category = "dev"
optional = false
python-versions = ">=3.6"

[package.dependencies]
colorama = {version = "*", markers = "platform_system == \"Windows\""}

[[package]]
name = "colorama"
version = "0.4.4"
description = "Cross-platform colored terminal text."
category = "dev"
optional = false
python-versions = ">=2.7, !=3.0.*, !=3.1.*, !=3.2.*, !=3.3.*, !=3.4.*"

[[package]]
name = "mpmath"
version = "1.2.1"
description = "Python library for arbitrary-precision floating-point arithmetic"
category = "main"
optional = false
python-versions = "*"

[package.extras]
develop = ["pytest (>=4.6)", "pycodestyle", "pytest-cov", "codecov", "wheel"]
tests = ["pytest (>=4.6)"]

[[package]]
name = "mypy-extensions"
version = "0.4.3"
description = "Experimental type system extensions for programs checked with the mypy typechecker."
category = "dev"
optional = false
python-versions = "*"

[[package]]
name = "numpy"
version = "1.22.1"
description = "NumPy is the fundamental package for array computing with Python."
category = "main"
optional = false
python-versions = ">=3.8"

[[package]]
name = "pathspec"
version = "0.9.0"
description = "Utility library for gitignore style pattern matching of file paths."
category = "dev"
optional = false
python-versions = "!=3.0.*,!=3.1.*,!=3.2.*,!=3.3.*,!=3.4.*,>=2.7"

[[package]]
name = "platformdirs"
version = "2.4.1"
description = "A small Python module for determining appropriate platform-specific dirs, e.g. a \"user data dir\"."
category = "dev"
optional = false
python-versions = ">=3.7"

[package.extras]
docs = ["Sphinx (>=4)", "furo (>=2021.7.5b38)", "proselint (>=0.10.2)", "sphinx-autodoc-typehints (>=1.12)"]
test = ["appdirs (==1.4.4)", "pytest (>=6)", "pytest-cov (>=2.7)", "pytest-mock (>=3.6)"]

[[package]]
name = "scipy"
version = "1.7.3"
description = "SciPy: Scientific Library for Python"
category = "main"
optional = false
python-versions = ">=3.7,<3.11"

[package.dependencies]
numpy = ">=1.16.5,<1.23.0"

[[package]]
name = "sympy"
version = "1.9"
description = "Computer algebra system (CAS) in Python"
category = "main"
optional = false
python-versions = ">=3.6"

[package.dependencies]
mpmath = ">=0.19"

[[package]]
name = "tomli"
version = "1.2.3"
description = "A lil' TOML parser"
category = "dev"
optional = false
python-versions = ">=3.6"

[[package]]
name = "typing-extensions"
version = "4.0.1"
description = "Backported and Experimental Type Hints for Python 3.6+"
category = "dev"
optional = false
python-versions = ">=3.6"

[metadata]
lock-version = "1.1"
python-versions = ">=3.9,<3.10"
content-hash = "2621fdee2d62d2543c00fbc1c5cc74bd0e3404de74912a35f1608898c7033c06"

[metadata.files]
black = [
    {file = "black-21.12b0-py3-none-any.whl", hash = "sha256:a615e69ae185e08fdd73e4715e260e2479c861b5740057fde6e8b4e3b7dd589f"},
    {file = "black-21.12b0.tar.gz", hash = "sha256:77b80f693a569e2e527958459634f18df9b0ba2625ba4e0c2d5da5be42e6f2b3"},
]
click = [
    {file = "click-8.0.3-py3-none-any.whl", hash = "sha256:353f466495adaeb40b6b5f592f9f91cb22372351c84caeb068132442a4518ef3"},
    {file = "click-8.0.3.tar.gz", hash = "sha256:410e932b050f5eed773c4cda94de75971c89cdb3155a72a0831139a79e5ecb5b"},
]
colorama = [
    {file = "colorama-0.4.4-py2.py3-none-any.whl", hash = "sha256:9f47eda37229f68eee03b24b9748937c7dc3868f906e8ba69fbcbdd3bc5dc3e2"},
    {file = "colorama-0.4.4.tar.gz", hash = "sha256:5941b2b48a20143d2267e95b1c2a7603ce057ee39fd88e7329b0c292aa16869b"},
]
mpmath = [
    {file = "mpmath-1.2.1-py3-none-any.whl", hash = "sha256:604bc21bd22d2322a177c73bdb573994ef76e62edd595d17e00aff24b0667e5c"},
    {file = "mpmath-1.2.1.tar.gz", hash = "sha256:79ffb45cf9f4b101a807595bcb3e72e0396202e0b1d25d689134b48c4216a81a"},
]
mypy-extensions = [
    {file = "mypy_extensions-0.4.3-py2.py3-none-any.whl", hash = "sha256:090fedd75945a69ae91ce1303b5824f428daf5a028d2f6ab8a299250a846f15d"},
    {file = "mypy_extensions-0.4.3.tar.gz", hash = "sha256:2d82818f5bb3e369420cb3c4060a7970edba416647068eb4c5343488a6c604a8"},
]
numpy = [
    {file = "numpy-1.22.1-cp310-cp310-macosx_10_9_universal2.whl", hash = "sha256:3d62d6b0870b53799204515145935608cdeb4cebb95a26800b6750e48884cc5b"},
    {file = "numpy-1.22.1-cp310-cp310-macosx_10_9_x86_64.whl", hash = "sha256:831f2df87bd3afdfc77829bc94bd997a7c212663889d56518359c827d7113b1f"},
    {file = "numpy-1.22.1-cp310-cp310-macosx_11_0_arm64.whl", hash = "sha256:8d1563060e77096367952fb44fca595f2b2f477156de389ce7c0ade3aef29e21"},
    {file = "numpy-1.22.1-cp310-cp310-manylinux_2_17_aarch64.manylinux2014_aarch64.whl", hash = "sha256:69958735d5e01f7b38226a6c6e7187d72b7e4d42b6b496aca5860b611ca0c193"},
    {file = "numpy-1.22.1-cp310-cp310-manylinux_2_17_x86_64.manylinux2014_x86_64.whl", hash = "sha256:45a7dfbf9ed8d68fd39763940591db7637cf8817c5bce1a44f7b56c97cbe211e"},
    {file = "numpy-1.22.1-cp310-cp310-win_amd64.whl", hash = "sha256:7e957ca8112c689b728037cea9c9567c27cf912741fabda9efc2c7d33d29dfa1"},
    {file = "numpy-1.22.1-cp38-cp38-macosx_10_9_universal2.whl", hash = "sha256:800dfeaffb2219d49377da1371d710d7952c9533b57f3d51b15e61c4269a1b5b"},
    {file = "numpy-1.22.1-cp38-cp38-macosx_10_9_x86_64.whl", hash = "sha256:65f5e257987601fdfc63f1d02fca4d1c44a2b85b802f03bd6abc2b0b14648dd2"},
    {file = "numpy-1.22.1-cp38-cp38-macosx_11_0_arm64.whl", hash = "sha256:632e062569b0fe05654b15ef0e91a53c0a95d08ffe698b66f6ba0f927ad267c2"},
    {file = "numpy-1.22.1-cp38-cp38-manylinux_2_17_aarch64.manylinux2014_aarch64.whl", hash = "sha256:0d245a2bf79188d3f361137608c3cd12ed79076badd743dc660750a9f3074f7c"},
    {file = "numpy-1.22.1-cp38-cp38-manylinux_2_17_x86_64.manylinux2014_x86_64.whl", hash = "sha256:26b4018a19d2ad9606ce9089f3d52206a41b23de5dfe8dc947d2ec49ce45d015"},
    {file = "numpy-1.22.1-cp38-cp38-win32.whl", hash = "sha256:f8ad59e6e341f38266f1549c7c2ec70ea0e3d1effb62a44e5c3dba41c55f0187"},
    {file = "numpy-1.22.1-cp38-cp38-win_amd64.whl", hash = "sha256:60f19c61b589d44fbbab8ff126640ae712e163299c2dd422bfe4edc7ec51aa9b"},
    {file = "numpy-1.22.1-cp39-cp39-macosx_10_9_universal2.whl", hash = "sha256:2db01d9838a497ba2aa9a87515aeaf458f42351d72d4e7f3b8ddbd1eba9479f2"},
    {file = "numpy-1.22.1-cp39-cp39-macosx_10_9_x86_64.whl", hash = "sha256:bcd19dab43b852b03868796f533b5f5561e6c0e3048415e675bec8d2e9d286c1"},
    {file = "numpy-1.22.1-cp39-cp39-macosx_11_0_arm64.whl", hash = "sha256:78bfbdf809fc236490e7e65715bbd98377b122f329457fffde206299e163e7f3"},
    {file = "numpy-1.22.1-cp39-cp39-manylinux_2_17_aarch64.manylinux2014_aarch64.whl", hash = "sha256:c51124df17f012c3b757380782ae46eee85213a3215e51477e559739f57d9bf6"},
    {file = "numpy-1.22.1-cp39-cp39-manylinux_2_17_x86_64.manylinux2014_x86_64.whl", hash = "sha256:88d54b7b516f0ca38a69590557814de2dd638d7d4ed04864826acaac5ebb8f01"},
    {file = "numpy-1.22.1-cp39-cp39-win32.whl", hash = "sha256:b5ec9a5eaf391761c61fd873363ef3560a3614e9b4ead17347e4deda4358bca4"},
    {file = "numpy-1.22.1-cp39-cp39-win_amd64.whl", hash = "sha256:4ac4d7c9f8ea2a79d721ebfcce81705fc3cd61a10b731354f1049eb8c99521e8"},
    {file = "numpy-1.22.1-pp38-pypy38_pp73-manylinux_2_17_x86_64.manylinux2014_x86_64.whl", hash = "sha256:e60ef82c358ded965fdd3132b5738eade055f48067ac8a5a8ac75acc00cad31f"},
    {file = "numpy-1.22.1.zip", hash = "sha256:e348ccf5bc5235fc405ab19d53bec215bb373300e5523c7b476cc0da8a5e9973"},
]
pathspec = [
    {file = "pathspec-0.9.0-py2.py3-none-any.whl", hash = "sha256:7d15c4ddb0b5c802d161efc417ec1a2558ea2653c2e8ad9c19098201dc1c993a"},
    {file = "pathspec-0.9.0.tar.gz", hash = "sha256:e564499435a2673d586f6b2130bb5b95f04a3ba06f81b8f895b651a3c76aabb1"},
]
platformdirs = [
    {file = "platformdirs-2.4.1-py3-none-any.whl", hash = "sha256:1d7385c7db91728b83efd0ca99a5afb296cab9d0ed8313a45ed8ba17967ecfca"},
    {file = "platformdirs-2.4.1.tar.gz", hash = "sha256:440633ddfebcc36264232365d7840a970e75e1018d15b4327d11f91909045fda"},
]
scipy = [
    {file = "scipy-1.7.3-1-cp310-cp310-macosx_12_0_arm64.whl", hash = "sha256:c9e04d7e9b03a8a6ac2045f7c5ef741be86727d8f49c45db45f244bdd2bcff17"},
    {file = "scipy-1.7.3-1-cp38-cp38-macosx_12_0_arm64.whl", hash = "sha256:b0e0aeb061a1d7dcd2ed59ea57ee56c9b23dd60100825f98238c06ee5cc4467e"},
    {file = "scipy-1.7.3-1-cp39-cp39-macosx_12_0_arm64.whl", hash = "sha256:b78a35c5c74d336f42f44106174b9851c783184a85a3fe3e68857259b37b9ffb"},
    {file = "scipy-1.7.3-cp310-cp310-macosx_10_9_x86_64.whl", hash = "sha256:173308efba2270dcd61cd45a30dfded6ec0085b4b6eb33b5eb11ab443005e088"},
    {file = "scipy-1.7.3-cp310-cp310-macosx_12_0_arm64.whl", hash = "sha256:21b66200cf44b1c3e86495e3a436fc7a26608f92b8d43d344457c54f1c024cbc"},
    {file = "scipy-1.7.3-cp310-cp310-manylinux_2_17_aarch64.manylinux2014_aarch64.whl", hash = "sha256:ceebc3c4f6a109777c0053dfa0282fddb8893eddfb0d598574acfb734a926168"},
    {file = "scipy-1.7.3-cp310-cp310-manylinux_2_17_x86_64.manylinux2014_x86_64.whl", hash = "sha256:f7eaea089345a35130bc9a39b89ec1ff69c208efa97b3f8b25ea5d4c41d88094"},
    {file = "scipy-1.7.3-cp310-cp310-win_amd64.whl", hash = "sha256:304dfaa7146cffdb75fbf6bb7c190fd7688795389ad060b970269c8576d038e9"},
    {file = "scipy-1.7.3-cp37-cp37m-macosx_10_9_x86_64.whl", hash = "sha256:033ce76ed4e9f62923e1f8124f7e2b0800db533828c853b402c7eec6e9465d80"},
    {file = "scipy-1.7.3-cp37-cp37m-manylinux_2_12_i686.manylinux2010_i686.whl", hash = "sha256:4d242d13206ca4302d83d8a6388c9dfce49fc48fdd3c20efad89ba12f785bf9e"},
    {file = "scipy-1.7.3-cp37-cp37m-manylinux_2_12_x86_64.manylinux2010_x86_64.whl", hash = "sha256:8499d9dd1459dc0d0fe68db0832c3d5fc1361ae8e13d05e6849b358dc3f2c279"},
    {file = "scipy-1.7.3-cp37-cp37m-manylinux_2_17_aarch64.manylinux2014_aarch64.whl", hash = "sha256:ca36e7d9430f7481fc7d11e015ae16fbd5575615a8e9060538104778be84addf"},
    {file = "scipy-1.7.3-cp37-cp37m-win32.whl", hash = "sha256:e2c036492e673aad1b7b0d0ccdc0cb30a968353d2c4bf92ac8e73509e1bf212c"},
    {file = "scipy-1.7.3-cp37-cp37m-win_amd64.whl", hash = "sha256:866ada14a95b083dd727a845a764cf95dd13ba3dc69a16b99038001b05439709"},
    {file = "scipy-1.7.3-cp38-cp38-macosx_10_9_x86_64.whl", hash = "sha256:65bd52bf55f9a1071398557394203d881384d27b9c2cad7df9a027170aeaef93"},
    {file = "scipy-1.7.3-cp38-cp38-macosx_12_0_arm64.whl", hash = "sha256:f99d206db1f1ae735a8192ab93bd6028f3a42f6fa08467d37a14eb96c9dd34a3"},
    {file = "scipy-1.7.3-cp38-cp38-manylinux_2_12_i686.manylinux2010_i686.whl", hash = "sha256:5f2cfc359379c56b3a41b17ebd024109b2049f878badc1e454f31418c3a18436"},
    {file = "scipy-1.7.3-cp38-cp38-manylinux_2_17_aarch64.manylinux2014_aarch64.whl", hash = "sha256:eb7ae2c4dbdb3c9247e07acc532f91077ae6dbc40ad5bd5dca0bb5a176ee9bda"},
    {file = "scipy-1.7.3-cp38-cp38-manylinux_2_17_x86_64.manylinux2014_x86_64.whl", hash = "sha256:95c2d250074cfa76715d58830579c64dff7354484b284c2b8b87e5a38321672c"},
    {file = "scipy-1.7.3-cp38-cp38-win32.whl", hash = "sha256:87069cf875f0262a6e3187ab0f419f5b4280d3dcf4811ef9613c605f6e4dca95"},
    {file = "scipy-1.7.3-cp38-cp38-win_amd64.whl", hash = "sha256:7edd9a311299a61e9919ea4192dd477395b50c014cdc1a1ac572d7c27e2207fa"},
    {file = "scipy-1.7.3-cp39-cp39-macosx_10_9_x86_64.whl", hash = "sha256:eef93a446114ac0193a7b714ce67659db80caf940f3232bad63f4c7a81bc18df"},
    {file = "scipy-1.7.3-cp39-cp39-macosx_12_0_arm64.whl", hash = "sha256:eb326658f9b73c07081300daba90a8746543b5ea177184daed26528273157294"},
    {file = "scipy-1.7.3-cp39-cp39-manylinux_2_12_i686.manylinux2010_i686.whl", hash = "sha256:93378f3d14fff07572392ce6a6a2ceb3a1f237733bd6dcb9eb6a2b29b0d19085"},
    {file = "scipy-1.7.3-cp39-cp39-manylinux_2_17_aarch64.manylinux2014_aarch64.whl", hash = "sha256:edad1cf5b2ce1912c4d8ddad20e11d333165552aba262c882e28c78bbc09dbf6"},
    {file = "scipy-1.7.3-cp39-cp39-manylinux_2_17_x86_64.manylinux2014_x86_64.whl", hash = "sha256:5d1cc2c19afe3b5a546ede7e6a44ce1ff52e443d12b231823268019f608b9b12"},
    {file = "scipy-1.7.3-cp39-cp39-win32.whl", hash = "sha256:2c56b820d304dffcadbbb6cbfbc2e2c79ee46ea291db17e288e73cd3c64fefa9"},
    {file = "scipy-1.7.3-cp39-cp39-win_amd64.whl", hash = "sha256:3f78181a153fa21c018d346f595edd648344751d7f03ab94b398be2ad083ed3e"},
    {file = "scipy-1.7.3.tar.gz", hash = "sha256:ab5875facfdef77e0a47d5fd39ea178b58e60e454a4c85aa1e52fcb80db7babf"},
]
sympy = [
    {file = "sympy-1.9-py3-none-any.whl", hash = "sha256:8bc5de4608b7aa4e7ffd1b25452ae87ccc5f6ca667c661aafb854a1ade337d0c"},
    {file = "sympy-1.9.tar.gz", hash = "sha256:c7a880e229df96759f955d4f3970d4cabce79f60f5b18830c08b90ce77cd5fdc"},
]
tomli = [
    {file = "tomli-1.2.3-py3-none-any.whl", hash = "sha256:e3069e4be3ead9668e21cb9b074cd948f7b3113fd9c8bba083f48247aab8b11c"},
    {file = "tomli-1.2.3.tar.gz", hash = "sha256:05b6166bff487dc068d322585c7ea4ef78deed501cc124060e0f238e89a9231f"},
]
typing-extensions = [
    {file = "typing_extensions-4.0.1-py3-none-any.whl", hash = "sha256:7f001e5ac290a0c0401508864c7ec868be4e701886d5b573a9528ed3973d9d3b"},
    {file = "typing_extensions-4.0.1.tar.gz", hash = "sha256:4ca091dea149f945ec56afb48dae714f21e8692ef22a395223bcd328961b6a0e"},
]
